
Microsoft Visual Studio Solution File, Format Version 12.00
# Visual Studio 14
VisualStudioVersion = 14.0.25123.0
MinimumVisualStudioVersion = 10.0.40219.1
Project("{FAE04EC0-301F-11D3-BF4B-00C04F79EFBC}") = "SportSquare.Data", "SportSquare.Data\SportSquare.Data.csproj", "{C10646D7-BD7A-43F8-9102-219050207A54}"
EndProject
Project("{FAE04EC0-301F-11D3-BF4B-00C04F79EFBC}") = "SportSquare.Models", "SportSquare.Models\SportSquare.Models.csproj", "{4F36305A-0ABB-40DF-845A-A5A3170545EC}"
EndProject
Project("{FAE04EC0-301F-11D3-BF4B-00C04F79EFBC}") = "SportSquare.VenueImporter", "SportSquare.VenueImporter\SportSquare.VenueImporter.csproj", "{EBF92A33-5CB4-4671-A339-8C64ED1AD3E3}"
EndProject
Project("{FAE04EC0-301F-11D3-BF4B-00C04F79EFBC}") = "DevelopmentTestProject", "DevelopmentTestProject\DevelopmentTestProject.csproj", "{C04615E6-8AFA-4B9E-A83B-54291BDC392B}"
EndProject
Project("{FAE04EC0-301F-11D3-BF4B-00C04F79EFBC}") = "SportSquare.MVP", "SportSquare.MVP\SportSquare.MVP.csproj", "{06486713-7F9B-4C15-8F71-1EE68D819AF5}"
EndProject
Project("{FAE04EC0-301F-11D3-BF4B-00C04F79EFBC}") = "SportSquare.Services", "SportSquare.Services\SportSquare.Services.csproj", "{672D5E94-457F-4E06-9304-2BF266737F5C}"
EndProject
Global
	GlobalSection(SolutionConfigurationPlatforms) = preSolution
		Debug|Any CPU = Debug|Any CPU
		Release|Any CPU = Release|Any CPU
	EndGlobalSection
	GlobalSection(ProjectConfigurationPlatforms) = postSolution
		{C10646D7-BD7A-43F8-9102-219050207A54}.Debug|Any CPU.ActiveCfg = Debug|Any CPU
		{C10646D7-BD7A-43F8-9102-219050207A54}.Debug|Any CPU.Build.0 = Debug|Any CPU
		{C10646D7-BD7A-43F8-9102-219050207A54}.Release|Any CPU.ActiveCfg = Release|Any CPU
		{C10646D7-BD7A-43F8-9102-219050207A54}.Release|Any CPU.Build.0 = Release|Any CPU
		{4F36305A-0ABB-40DF-845A-A5A3170545EC}.Debug|Any CPU.ActiveCfg = Debug|Any CPU
		{4F36305A-0ABB-40DF-845A-A5A3170545EC}.Debug|Any CPU.Build.0 = Debug|Any CPU
		{4F36305A-0ABB-40DF-845A-A5A3170545EC}.Release|Any CPU.ActiveCfg = Release|Any CPU
		{4F36305A-0ABB-40DF-845A-A5A3170545EC}.Release|Any CPU.Build.0 = Release|Any CPU
		{EBF92A33-5CB4-4671-A339-8C64ED1AD3E3}.Debug|Any CPU.ActiveCfg = Debug|Any CPU
		{EBF92A33-5CB4-4671-A339-8C64ED1AD3E3}.Debug|Any CPU.Build.0 = Debug|Any CPU
		{EBF92A33-5CB4-4671-A339-8C64ED1AD3E3}.Release|Any CPU.ActiveCfg = Release|Any CPU
		{EBF92A33-5CB4-4671-A339-8C64ED1AD3E3}.Release|Any CPU.Build.0 = Release|Any CPU
		{C04615E6-8AFA-4B9E-A83B-54291BDC392B}.Debug|Any CPU.ActiveCfg = Debug|Any CPU
		{C04615E6-8AFA-4B9E-A83B-54291BDC392B}.Debug|Any CPU.Build.0 = Debug|Any CPU
		{C04615E6-8AFA-4B9E-A83B-54291BDC392B}.Release|Any CPU.ActiveCfg = Release|Any CPU
		{C04615E6-8AFA-4B9E-A83B-54291BDC392B}.Release|Any CPU.Build.0 = Release|Any CPU
		{06486713-7F9B-4C15-8F71-1EE68D819AF5}.Debug|Any CPU.ActiveCfg = Debug|Any CPU
		{06486713-7F9B-4C15-8F71-1EE68D819AF5}.Debug|Any CPU.Build.0 = Debug|Any CPU
		{06486713-7F9B-4C15-8F71-1EE68D819AF5}.Release|Any CPU.ActiveCfg = Release|Any CPU
		{06486713-7F9B-4C15-8F71-1EE68D819AF5}.Release|Any CPU.Build.0 = Release|Any CPU
		{672D5E94-457F-4E06-9304-2BF266737F5C}.Debug|Any CPU.ActiveCfg = Debug|Any CPU
		{672D5E94-457F-4E06-9304-2BF266737F5C}.Debug|Any CPU.Build.0 = Debug|Any CPU
		{672D5E94-457F-4E06-9304-2BF266737F5C}.Release|Any CPU.ActiveCfg = Release|Any CPU
		{672D5E94-457F-4E06-9304-2BF266737F5C}.Release|Any CPU.Build.0 = Release|Any CPU
	EndGlobalSection
	GlobalSection(SolutionProperties) = preSolution
		HideSolutionNode = FALSE
	EndGlobalSection
EndGlobal
