
Microsoft Visual Studio Solution File, Format Version 12.00
# Visual Studio 14
VisualStudioVersion = 14.0.25123.0
MinimumVisualStudioVersion = 10.0.40219.1
Project("{FAE04EC0-301F-11D3-BF4B-00C04F79EFBC}") = "SportSquare.Data", "SportSquare.Data\SportSquare.Data.csproj", "{C10646D7-BD7A-43F8-9102-219050207A54}"
EndProject
Project("{FAE04EC0-301F-11D3-BF4B-00C04F79EFBC}") = "SportSquare.Models", "SportSquare.Models\SportSquare.Models.csproj", "{4F36305A-0ABB-40DF-845A-A5A3170545EC}"
EndProject
Project("{FAE04EC0-301F-11D3-BF4B-00C04F79EFBC}") = "SportSquare.VenueImporter", "SportSquare.VenueImporter\SportSquare.VenueImporter.csproj", "{EBF92A33-5CB4-4671-A339-8C64ED1AD3E3}"
EndProject
Project("{FAE04EC0-301F-11D3-BF4B-00C04F79EFBC}") = "SportSquare.MVP", "SportSquare.MVP\SportSquare.MVP.csproj", "{06486713-7F9B-4C15-8F71-1EE68D819AF5}"
EndProject
Project("{FAE04EC0-301F-11D3-BF4B-00C04F79EFBC}") = "SportSquare.Services", "SportSquare.Services\SportSquare.Services.csproj", "{672D5E94-457F-4E06-9304-2BF266737F5C}"
EndProject
Project("{2150E333-8FDC-42A3-9474-1A3956D46DE8}") = "Tests", "Tests", "{144AF1E1-14C1-4709-9CC7-8FE0F9A44C0B}"
EndProject
Project("{FAE04EC0-301F-11D3-BF4B-00C04F79EFBC}") = "SportSquare.MVP.Tests", "SportSquare.MVP.Tests\SportSquare.MVP.Tests.csproj", "{07E7C727-4E7A-48E3-9B02-8ED500D34EA5}"
EndProject
Project("{FAE04EC0-301F-11D3-BF4B-00C04F79EFBC}") = "SportSquare.Services.Tests", "SportSquare.Services.Tests\SportSquare.Services.Tests.csproj", "{8C0CD794-5375-4509-A2EF-8FF70179ADDF}"
EndProject
Project("{FAE04EC0-301F-11D3-BF4B-00C04F79EFBC}") = "SportSquareDTOs", "SportSquareDTOs\SportSquareDTOs.csproj", "{4C3F4DE4-FD6E-40DB-8CE9-66099C40A87C}"
EndProject
Project("{FAE04EC0-301F-11D3-BF4B-00C04F79EFBC}") = "CoverallDependency", "CoverallDependency\CoverallDependency.csproj", "{0C868BE3-9DE8-4029-901F-E733A6E50A8A}"
EndProject
Project("{FAE04EC0-301F-11D3-BF4B-00C04F79EFBC}") = "SportSquare.Auth", "SportSquare.Auth\SportSquare.Auth.csproj", "{770EDEB7-24E9-41EF-ACF6-49FCD2B690A6}"
EndProject
Global
	GlobalSection(SolutionConfigurationPlatforms) = preSolution
		Debug|Any CPU = Debug|Any CPU
		Debug|x64 = Debug|x64
		Release|Any CPU = Release|Any CPU
		Release|x64 = Release|x64
	EndGlobalSection
	GlobalSection(ProjectConfigurationPlatforms) = postSolution
		{C10646D7-BD7A-43F8-9102-219050207A54}.Debug|Any CPU.ActiveCfg = Debug|Any CPU
		{C10646D7-BD7A-43F8-9102-219050207A54}.Debug|Any CPU.Build.0 = Debug|Any CPU
		{C10646D7-BD7A-43F8-9102-219050207A54}.Debug|x64.ActiveCfg = Debug|Any CPU
		{C10646D7-BD7A-43F8-9102-219050207A54}.Debug|x64.Build.0 = Debug|Any CPU
		{C10646D7-BD7A-43F8-9102-219050207A54}.Release|Any CPU.ActiveCfg = Release|Any CPU
		{C10646D7-BD7A-43F8-9102-219050207A54}.Release|Any CPU.Build.0 = Release|Any CPU
		{C10646D7-BD7A-43F8-9102-219050207A54}.Release|x64.ActiveCfg = Release|Any CPU
		{C10646D7-BD7A-43F8-9102-219050207A54}.Release|x64.Build.0 = Release|Any CPU
		{4F36305A-0ABB-40DF-845A-A5A3170545EC}.Debug|Any CPU.ActiveCfg = Debug|Any CPU
		{4F36305A-0ABB-40DF-845A-A5A3170545EC}.Debug|Any CPU.Build.0 = Debug|Any CPU
		{4F36305A-0ABB-40DF-845A-A5A3170545EC}.Debug|x64.ActiveCfg = Debug|Any CPU
		{4F36305A-0ABB-40DF-845A-A5A3170545EC}.Debug|x64.Build.0 = Debug|Any CPU
		{4F36305A-0ABB-40DF-845A-A5A3170545EC}.Release|Any CPU.ActiveCfg = Release|Any CPU
		{4F36305A-0ABB-40DF-845A-A5A3170545EC}.Release|Any CPU.Build.0 = Release|Any CPU
		{4F36305A-0ABB-40DF-845A-A5A3170545EC}.Release|x64.ActiveCfg = Release|Any CPU
		{4F36305A-0ABB-40DF-845A-A5A3170545EC}.Release|x64.Build.0 = Release|Any CPU
		{EBF92A33-5CB4-4671-A339-8C64ED1AD3E3}.Debug|Any CPU.ActiveCfg = Debug|Any CPU
		{EBF92A33-5CB4-4671-A339-8C64ED1AD3E3}.Debug|Any CPU.Build.0 = Debug|Any CPU
		{EBF92A33-5CB4-4671-A339-8C64ED1AD3E3}.Debug|x64.ActiveCfg = Debug|Any CPU
		{EBF92A33-5CB4-4671-A339-8C64ED1AD3E3}.Debug|x64.Build.0 = Debug|Any CPU
		{EBF92A33-5CB4-4671-A339-8C64ED1AD3E3}.Release|Any CPU.ActiveCfg = Release|Any CPU
		{EBF92A33-5CB4-4671-A339-8C64ED1AD3E3}.Release|Any CPU.Build.0 = Release|Any CPU
		{EBF92A33-5CB4-4671-A339-8C64ED1AD3E3}.Release|x64.ActiveCfg = Release|Any CPU
		{EBF92A33-5CB4-4671-A339-8C64ED1AD3E3}.Release|x64.Build.0 = Release|Any CPU
		{06486713-7F9B-4C15-8F71-1EE68D819AF5}.Debug|Any CPU.ActiveCfg = Debug|Any CPU
		{06486713-7F9B-4C15-8F71-1EE68D819AF5}.Debug|Any CPU.Build.0 = Debug|Any CPU
		{06486713-7F9B-4C15-8F71-1EE68D819AF5}.Debug|x64.ActiveCfg = Debug|Any CPU
		{06486713-7F9B-4C15-8F71-1EE68D819AF5}.Debug|x64.Build.0 = Debug|Any CPU
		{06486713-7F9B-4C15-8F71-1EE68D819AF5}.Release|Any CPU.ActiveCfg = Release|Any CPU
		{06486713-7F9B-4C15-8F71-1EE68D819AF5}.Release|Any CPU.Build.0 = Release|Any CPU
		{06486713-7F9B-4C15-8F71-1EE68D819AF5}.Release|x64.ActiveCfg = Release|Any CPU
		{06486713-7F9B-4C15-8F71-1EE68D819AF5}.Release|x64.Build.0 = Release|Any CPU
		{672D5E94-457F-4E06-9304-2BF266737F5C}.Debug|Any CPU.ActiveCfg = Debug|Any CPU
		{672D5E94-457F-4E06-9304-2BF266737F5C}.Debug|Any CPU.Build.0 = Debug|Any CPU
		{672D5E94-457F-4E06-9304-2BF266737F5C}.Debug|x64.ActiveCfg = Debug|Any CPU
		{672D5E94-457F-4E06-9304-2BF266737F5C}.Debug|x64.Build.0 = Debug|Any CPU
		{672D5E94-457F-4E06-9304-2BF266737F5C}.Release|Any CPU.ActiveCfg = Release|Any CPU
		{672D5E94-457F-4E06-9304-2BF266737F5C}.Release|Any CPU.Build.0 = Release|Any CPU
		{672D5E94-457F-4E06-9304-2BF266737F5C}.Release|x64.ActiveCfg = Release|Any CPU
		{672D5E94-457F-4E06-9304-2BF266737F5C}.Release|x64.Build.0 = Release|Any CPU
		{07E7C727-4E7A-48E3-9B02-8ED500D34EA5}.Debug|Any CPU.ActiveCfg = Debug|Any CPU
		{07E7C727-4E7A-48E3-9B02-8ED500D34EA5}.Debug|Any CPU.Build.0 = Debug|Any CPU
		{07E7C727-4E7A-48E3-9B02-8ED500D34EA5}.Debug|x64.ActiveCfg = Debug|Any CPU
		{07E7C727-4E7A-48E3-9B02-8ED500D34EA5}.Debug|x64.Build.0 = Debug|Any CPU
		{07E7C727-4E7A-48E3-9B02-8ED500D34EA5}.Release|Any CPU.ActiveCfg = Release|Any CPU
		{07E7C727-4E7A-48E3-9B02-8ED500D34EA5}.Release|Any CPU.Build.0 = Release|Any CPU
		{07E7C727-4E7A-48E3-9B02-8ED500D34EA5}.Release|x64.ActiveCfg = Release|Any CPU
		{07E7C727-4E7A-48E3-9B02-8ED500D34EA5}.Release|x64.Build.0 = Release|Any CPU
		{8C0CD794-5375-4509-A2EF-8FF70179ADDF}.Debug|Any CPU.ActiveCfg = Debug|Any CPU
		{8C0CD794-5375-4509-A2EF-8FF70179ADDF}.Debug|Any CPU.Build.0 = Debug|Any CPU
		{8C0CD794-5375-4509-A2EF-8FF70179ADDF}.Debug|x64.ActiveCfg = Debug|Any CPU
		{8C0CD794-5375-4509-A2EF-8FF70179ADDF}.Debug|x64.Build.0 = Debug|Any CPU
		{8C0CD794-5375-4509-A2EF-8FF70179ADDF}.Release|Any CPU.ActiveCfg = Release|Any CPU
		{8C0CD794-5375-4509-A2EF-8FF70179ADDF}.Release|Any CPU.Build.0 = Release|Any CPU
		{8C0CD794-5375-4509-A2EF-8FF70179ADDF}.Release|x64.ActiveCfg = Release|Any CPU
		{8C0CD794-5375-4509-A2EF-8FF70179ADDF}.Release|x64.Build.0 = Release|Any CPU
		{4C3F4DE4-FD6E-40DB-8CE9-66099C40A87C}.Debug|Any CPU.ActiveCfg = Debug|Any CPU
		{4C3F4DE4-FD6E-40DB-8CE9-66099C40A87C}.Debug|Any CPU.Build.0 = Debug|Any CPU
		{4C3F4DE4-FD6E-40DB-8CE9-66099C40A87C}.Debug|x64.ActiveCfg = Debug|Any CPU
		{4C3F4DE4-FD6E-40DB-8CE9-66099C40A87C}.Debug|x64.Build.0 = Debug|Any CPU
		{4C3F4DE4-FD6E-40DB-8CE9-66099C40A87C}.Release|Any CPU.ActiveCfg = Release|Any CPU
		{4C3F4DE4-FD6E-40DB-8CE9-66099C40A87C}.Release|Any CPU.Build.0 = Release|Any CPU
		{4C3F4DE4-FD6E-40DB-8CE9-66099C40A87C}.Release|x64.ActiveCfg = Release|Any CPU
		{4C3F4DE4-FD6E-40DB-8CE9-66099C40A87C}.Release|x64.Build.0 = Release|Any CPU
		{0C868BE3-9DE8-4029-901F-E733A6E50A8A}.Debug|Any CPU.ActiveCfg = Debug|Any CPU
		{0C868BE3-9DE8-4029-901F-E733A6E50A8A}.Debug|Any CPU.Build.0 = Debug|Any CPU
		{0C868BE3-9DE8-4029-901F-E733A6E50A8A}.Debug|x64.ActiveCfg = Debug|Any CPU
		{0C868BE3-9DE8-4029-901F-E733A6E50A8A}.Debug|x64.Build.0 = Debug|Any CPU
		{0C868BE3-9DE8-4029-901F-E733A6E50A8A}.Release|Any CPU.ActiveCfg = Release|Any CPU
		{0C868BE3-9DE8-4029-901F-E733A6E50A8A}.Release|Any CPU.Build.0 = Release|Any CPU
		{0C868BE3-9DE8-4029-901F-E733A6E50A8A}.Release|x64.ActiveCfg = Release|Any CPU
		{0C868BE3-9DE8-4029-901F-E733A6E50A8A}.Release|x64.Build.0 = Release|Any CPU
		{770EDEB7-24E9-41EF-ACF6-49FCD2B690A6}.Debug|Any CPU.ActiveCfg = Debug|Any CPU
		{770EDEB7-24E9-41EF-ACF6-49FCD2B690A6}.Debug|Any CPU.Build.0 = Debug|Any CPU
		{770EDEB7-24E9-41EF-ACF6-49FCD2B690A6}.Debug|x64.ActiveCfg = Debug|Any CPU
		{770EDEB7-24E9-41EF-ACF6-49FCD2B690A6}.Debug|x64.Build.0 = Debug|Any CPU
		{770EDEB7-24E9-41EF-ACF6-49FCD2B690A6}.Release|Any CPU.ActiveCfg = Release|Any CPU
		{770EDEB7-24E9-41EF-ACF6-49FCD2B690A6}.Release|Any CPU.Build.0 = Release|Any CPU
		{770EDEB7-24E9-41EF-ACF6-49FCD2B690A6}.Release|x64.ActiveCfg = Release|Any CPU
		{770EDEB7-24E9-41EF-ACF6-49FCD2B690A6}.Release|x64.Build.0 = Release|Any CPU
	EndGlobalSection
	GlobalSection(SolutionProperties) = preSolution
		HideSolutionNode = FALSE
	EndGlobalSection
	GlobalSection(NestedProjects) = preSolution
		{07E7C727-4E7A-48E3-9B02-8ED500D34EA5} = {144AF1E1-14C1-4709-9CC7-8FE0F9A44C0B}
		{8C0CD794-5375-4509-A2EF-8FF70179ADDF} = {144AF1E1-14C1-4709-9CC7-8FE0F9A44C0B}
	EndGlobalSection
EndGlobal
